
Microsoft Visual Studio Solution File, Format Version 12.00
# Visual Studio Version 17
VisualStudioVersion = 17.7.34018.315
MinimumVisualStudioVersion = 10.0.40219.1
Project("{2150E333-8FDC-42A3-9474-1A3956D46DE8}") = "src", "src", "{B6C9870E-EDFC-4A66-B3F6-FFC788C86941}"
EndProject
Project("{2150E333-8FDC-42A3-9474-1A3956D46DE8}") = "Api", "Api", "{3336059D-FB7B-4863-AD49-308CDC86C35F}"
EndProject
Project("{2150E333-8FDC-42A3-9474-1A3956D46DE8}") = "Clients", "Clients", "{EC5A8396-493A-4D3C-B603-E2F6847060BC}"
EndProject
Project("{2150E333-8FDC-42A3-9474-1A3956D46DE8}") = "Common", "Common", "{87D3D3C2-3DBB-4B28-BC9B-29139F9F68B6}"
EndProject
Project("{2150E333-8FDC-42A3-9474-1A3956D46DE8}") = "Projections", "Projections", "{9B64AD41-AB75-4C56-8AF4-B740D1541BF5}"
EndProject
Project("{2150E333-8FDC-42A3-9474-1A3956D46DE8}") = "Core", "Core", "{34AF99DE-BD97-4504-A697-9429BE478BD0}"
EndProject
Project("{2150E333-8FDC-42A3-9474-1A3956D46DE8}") = "Infrastructure", "Infrastructure", "{C5C45AFE-FF53-46F0-8541-B7A96B3C1360}"
EndProject
Project("{2150E333-8FDC-42A3-9474-1A3956D46DE8}") = "WebApi", "WebApi", "{5CBC7B9B-6447-4B5A-87CA-E8702C6A9103}"
EndProject
Project("{2150E333-8FDC-42A3-9474-1A3956D46DE8}") = "BlazorWeb", "BlazorWeb", "{D5E2AC13-01DB-4B21-95D9-A3AA8B438CE2}"
EndProject
Project("{FAE04EC0-301F-11D3-BF4B-00C04F79EFBC}") = "EksiSozluk.Common", "src\Common\EksiSozluk.Common\EksiSozluk.Common.csproj", "{0A721D4F-9F6F-45BC-AAFA-CBA226165852}"
EndProject
Project("{FAE04EC0-301F-11D3-BF4B-00C04F79EFBC}") = "EksiSozluk.Api.Domain", "src\Api\Core\EksiSozluk.Api.Domain\EksiSozluk.Api.Domain.csproj", "{7BE3DF1B-2DE6-489B-A246-6EABEA411598}"
EndProject
Project("{FAE04EC0-301F-11D3-BF4B-00C04F79EFBC}") = "EksiSozluk.Api.Aplication", "src\Api\Core\EksiSozluk.Api.Aplication\EksiSozluk.Api.Aplication.csproj", "{403F473C-9F6C-435E-9696-8F8E51318E2A}"
EndProject
Project("{FAE04EC0-301F-11D3-BF4B-00C04F79EFBC}") = "EksiSozluk.Infrastructure.Persistence", "src\Api\Infrastructure\EksiSozluk.Infrastructure.Persistence\EksiSozluk.Infrastructure.Persistence.csproj", "{B67D152E-23F7-4735-A1E1-D4FF01E38893}"
EndProject
Project("{FAE04EC0-301F-11D3-BF4B-00C04F79EFBC}") = "EksiSozluk.Api.WebApi", "src\Api\WebApi\EksiSozluk.Api.WebApi\EksiSozluk.Api.WebApi.csproj", "{6D419DFF-7BB3-4473-A64C-DA1A9BE6519F}"
EndProject
Project("{FAE04EC0-301F-11D3-BF4B-00C04F79EFBC}") = "EksiSozluk.Projections.FavoriteService", "src\Projections\EksiSozluk.Projections.FavoriteService\EksiSozluk.Projections.FavoriteService.csproj", "{D1807249-086A-44A7-BD5B-4137486A1106}"
EndProject
Project("{FAE04EC0-301F-11D3-BF4B-00C04F79EFBC}") = "EksiSozluk.Projections.UserService", "src\Projections\EksiSozluk.Projections.UserService\EksiSozluk.Projections.UserService.csproj", "{E5C050B0-7944-48B3-95B4-D01DE80F4D1D}"
EndProject
Project("{FAE04EC0-301F-11D3-BF4B-00C04F79EFBC}") = "EksiSozluk.Projections.VoteService", "src\Projections\EksiSozluk.Projections.VoteService\EksiSozluk.Projections.VoteService.csproj", "{C6CD5610-0233-4BC5-B9AA-6601047CBCA8}"
EndProject
Project("{FAE04EC0-301F-11D3-BF4B-00C04F79EFBC}") = "EksiSozluk.Clients.WebApp", "src\Clients\BlazorWeb\EksiSozluk.Clients.WebApp\EksiSozluk.Clients.WebApp.csproj", "{77085504-3C1A-487F-BBBD-F046F0E85DA9}"
EndProject
Global
	GlobalSection(SolutionConfigurationPlatforms) = preSolution
		Debug|Any CPU = Debug|Any CPU
		Release|Any CPU = Release|Any CPU
	EndGlobalSection
	GlobalSection(ProjectConfigurationPlatforms) = postSolution
		{0A721D4F-9F6F-45BC-AAFA-CBA226165852}.Debug|Any CPU.ActiveCfg = Debug|Any CPU
		{0A721D4F-9F6F-45BC-AAFA-CBA226165852}.Debug|Any CPU.Build.0 = Debug|Any CPU
		{0A721D4F-9F6F-45BC-AAFA-CBA226165852}.Release|Any CPU.ActiveCfg = Release|Any CPU
		{0A721D4F-9F6F-45BC-AAFA-CBA226165852}.Release|Any CPU.Build.0 = Release|Any CPU
		{7BE3DF1B-2DE6-489B-A246-6EABEA411598}.Debug|Any CPU.ActiveCfg = Debug|Any CPU
		{7BE3DF1B-2DE6-489B-A246-6EABEA411598}.Debug|Any CPU.Build.0 = Debug|Any CPU
		{7BE3DF1B-2DE6-489B-A246-6EABEA411598}.Release|Any CPU.ActiveCfg = Release|Any CPU
		{7BE3DF1B-2DE6-489B-A246-6EABEA411598}.Release|Any CPU.Build.0 = Release|Any CPU
		{403F473C-9F6C-435E-9696-8F8E51318E2A}.Debug|Any CPU.ActiveCfg = Debug|Any CPU
		{403F473C-9F6C-435E-9696-8F8E51318E2A}.Debug|Any CPU.Build.0 = Debug|Any CPU
		{403F473C-9F6C-435E-9696-8F8E51318E2A}.Release|Any CPU.ActiveCfg = Release|Any CPU
		{403F473C-9F6C-435E-9696-8F8E51318E2A}.Release|Any CPU.Build.0 = Release|Any CPU
		{B67D152E-23F7-4735-A1E1-D4FF01E38893}.Debug|Any CPU.ActiveCfg = Debug|Any CPU
		{B67D152E-23F7-4735-A1E1-D4FF01E38893}.Debug|Any CPU.Build.0 = Debug|Any CPU
		{B67D152E-23F7-4735-A1E1-D4FF01E38893}.Release|Any CPU.ActiveCfg = Release|Any CPU
		{B67D152E-23F7-4735-A1E1-D4FF01E38893}.Release|Any CPU.Build.0 = Release|Any CPU
		{6D419DFF-7BB3-4473-A64C-DA1A9BE6519F}.Debug|Any CPU.ActiveCfg = Debug|Any CPU
		{6D419DFF-7BB3-4473-A64C-DA1A9BE6519F}.Debug|Any CPU.Build.0 = Debug|Any CPU
		{6D419DFF-7BB3-4473-A64C-DA1A9BE6519F}.Release|Any CPU.ActiveCfg = Release|Any CPU
		{6D419DFF-7BB3-4473-A64C-DA1A9BE6519F}.Release|Any CPU.Build.0 = Release|Any CPU
		{D1807249-086A-44A7-BD5B-4137486A1106}.Debug|Any CPU.ActiveCfg = Debug|Any CPU
		{D1807249-086A-44A7-BD5B-4137486A1106}.Debug|Any CPU.Build.0 = Debug|Any CPU
		{D1807249-086A-44A7-BD5B-4137486A1106}.Release|Any CPU.ActiveCfg = Release|Any CPU
		{D1807249-086A-44A7-BD5B-4137486A1106}.Release|Any CPU.Build.0 = Release|Any CPU
		{E5C050B0-7944-48B3-95B4-D01DE80F4D1D}.Debug|Any CPU.ActiveCfg = Debug|Any CPU
		{E5C050B0-7944-48B3-95B4-D01DE80F4D1D}.Debug|Any CPU.Build.0 = Debug|Any CPU
		{E5C050B0-7944-48B3-95B4-D01DE80F4D1D}.Release|Any CPU.ActiveCfg = Release|Any CPU
		{E5C050B0-7944-48B3-95B4-D01DE80F4D1D}.Release|Any CPU.Build.0 = Release|Any CPU
		{C6CD5610-0233-4BC5-B9AA-6601047CBCA8}.Debug|Any CPU.ActiveCfg = Debug|Any CPU
		{C6CD5610-0233-4BC5-B9AA-6601047CBCA8}.Debug|Any CPU.Build.0 = Debug|Any CPU
		{C6CD5610-0233-4BC5-B9AA-6601047CBCA8}.Release|Any CPU.ActiveCfg = Release|Any CPU
		{C6CD5610-0233-4BC5-B9AA-6601047CBCA8}.Release|Any CPU.Build.0 = Release|Any CPU
		{77085504-3C1A-487F-BBBD-F046F0E85DA9}.Debug|Any CPU.ActiveCfg = Debug|Any CPU
		{77085504-3C1A-487F-BBBD-F046F0E85DA9}.Debug|Any CPU.Build.0 = Debug|Any CPU
		{77085504-3C1A-487F-BBBD-F046F0E85DA9}.Release|Any CPU.ActiveCfg = Release|Any CPU
		{77085504-3C1A-487F-BBBD-F046F0E85DA9}.Release|Any CPU.Build.0 = Release|Any CPU
	EndGlobalSection
	GlobalSection(SolutionProperties) = preSolution
		HideSolutionNode = FALSE
	EndGlobalSection
	GlobalSection(NestedProjects) = preSolution
		{3336059D-FB7B-4863-AD49-308CDC86C35F} = {B6C9870E-EDFC-4A66-B3F6-FFC788C86941}
		{EC5A8396-493A-4D3C-B603-E2F6847060BC} = {B6C9870E-EDFC-4A66-B3F6-FFC788C86941}
		{87D3D3C2-3DBB-4B28-BC9B-29139F9F68B6} = {B6C9870E-EDFC-4A66-B3F6-FFC788C86941}
		{9B64AD41-AB75-4C56-8AF4-B740D1541BF5} = {B6C9870E-EDFC-4A66-B3F6-FFC788C86941}
		{34AF99DE-BD97-4504-A697-9429BE478BD0} = {3336059D-FB7B-4863-AD49-308CDC86C35F}
		{C5C45AFE-FF53-46F0-8541-B7A96B3C1360} = {3336059D-FB7B-4863-AD49-308CDC86C35F}
		{5CBC7B9B-6447-4B5A-87CA-E8702C6A9103} = {3336059D-FB7B-4863-AD49-308CDC86C35F}
		{D5E2AC13-01DB-4B21-95D9-A3AA8B438CE2} = {EC5A8396-493A-4D3C-B603-E2F6847060BC}
		{0A721D4F-9F6F-45BC-AAFA-CBA226165852} = {87D3D3C2-3DBB-4B28-BC9B-29139F9F68B6}
		{7BE3DF1B-2DE6-489B-A246-6EABEA411598} = {34AF99DE-BD97-4504-A697-9429BE478BD0}
		{403F473C-9F6C-435E-9696-8F8E51318E2A} = {34AF99DE-BD97-4504-A697-9429BE478BD0}
		{B67D152E-23F7-4735-A1E1-D4FF01E38893} = {C5C45AFE-FF53-46F0-8541-B7A96B3C1360}
		{6D419DFF-7BB3-4473-A64C-DA1A9BE6519F} = {5CBC7B9B-6447-4B5A-87CA-E8702C6A9103}
		{D1807249-086A-44A7-BD5B-4137486A1106} = {9B64AD41-AB75-4C56-8AF4-B740D1541BF5}
		{E5C050B0-7944-48B3-95B4-D01DE80F4D1D} = {9B64AD41-AB75-4C56-8AF4-B740D1541BF5}
		{C6CD5610-0233-4BC5-B9AA-6601047CBCA8} = {9B64AD41-AB75-4C56-8AF4-B740D1541BF5}
		{77085504-3C1A-487F-BBBD-F046F0E85DA9} = {D5E2AC13-01DB-4B21-95D9-A3AA8B438CE2}
	EndGlobalSection
	GlobalSection(ExtensibilityGlobals) = postSolution
		SolutionGuid = {EEFEF57F-A1BB-4143-99A1-D4B06AFB64EF}
	EndGlobalSection
EndGlobal
